// !$*UTF8*$!
{
	archiveVersion = 1;
	classes = {
	};
	objectVersion = 77;
	objects = {

/* Begin PBXContainerItemProxy section */
		0575C8BF2DDBE2FF00C18DC5 /* PBXContainerItemProxy */ = {
			isa = PBXContainerItemProxy;
			containerPortal = 0575C8A62DDBE2FD00C18DC5 /* Project object */;
			proxyType = 1;
			remoteGlobalIDString = 0575C8AD2DDBE2FD00C18DC5;
			remoteInfo = Tithycalculator;
		};
		0575C8C92DDBE2FF00C18DC5 /* PBXContainerItemProxy */ = {
			isa = PBXContainerItemProxy;
			containerPortal = 0575C8A62DDBE2FD00C18DC5 /* Project object */;
			proxyType = 1;
			remoteGlobalIDString = 0575C8AD2DDBE2FD00C18DC5;
			remoteInfo = Tithycalculator;
		};
/* End PBXContainerItemProxy section */

/* Begin PBXFileReference section */
		0575C8AE2DDBE2FD00C18DC5 /* Tithycalculator.app */ = {isa = PBXFileReference; explicitFileType = wrapper.application; includeInIndex = 0; path = Tithycalculator.app; sourceTree = BUILT_PRODUCTS_DIR; };
		0575C8BE2DDBE2FF00C18DC5 /* TithycalculatorTests.xctest */ = {isa = PBXFileReference; explicitFileType = wrapper.cfbundle; includeInIndex = 0; path = TithycalculatorTests.xctest; sourceTree = BUILT_PRODUCTS_DIR; };
		0575C8C82DDBE2FF00C18DC5 /* TithycalculatorUITests.xctest */ = {isa = PBXFileReference; explicitFileType = wrapper.cfbundle; includeInIndex = 0; path = TithycalculatorUITests.xctest; sourceTree = BUILT_PRODUCTS_DIR; };
/* End PBXFileReference section */

/* Begin PBXFileSystemSynchronizedRootGroup section */
		0575C8B02DDBE2FD00C18DC5 /* Tithycalculator */ = {
			isa = PBXFileSystemSynchronizedRootGroup;
			path = Tithycalculator;
			sourceTree = "<group>";
		};
		0575C8C12DDBE2FF00C18DC5 /* TithycalculatorTests */ = {
			isa = PBXFileSystemSynchronizedRootGroup;
			path = TithycalculatorTests;
			sourceTree = "<group>";
		};
		0575C8CB2DDBE2FF00C18DC5 /* TithycalculatorUITests */ = {
			isa = PBXFileSystemSynchronizedRootGroup;
			path = TithycalculatorUITests;
			sourceTree = "<group>";
		};
/* End PBXFileSystemSynchronizedRootGroup section */

/* Begin PBXFrameworksBuildPhase section */
		0575C8AB2DDBE2FD00C18DC5 /* Frameworks */ = {
			isa = PBXFrameworksBuildPhase;
			buildActionMask = 2147483647;
			files = (
			);
			runOnlyForDeploymentPostprocessing = 0;
		};
		0575C8BB2DDBE2FF00C18DC5 /* Frameworks */ = {
			isa = PBXFrameworksBuildPhase;
			buildActionMask = 2147483647;
			files = (
			);
			runOnlyForDeploymentPostprocessing = 0;
		};
		0575C8C52DDBE2FF00C18DC5 /* Frameworks */ = {
			isa = PBXFrameworksBuildPhase;
			buildActionMask = 2147483647;
			files = (
			);
			runOnlyForDeploymentPostprocessing = 0;
		};
/* End PBXFrameworksBuildPhase section */

/* Begin PBXGroup section */
		0575C8A52DDBE2FD00C18DC5 = {
			isa = PBXGroup;
			children = (
				0575C8B02DDBE2FD00C18DC5 /* Tithycalculator */,
				0575C8C12DDBE2FF00C18DC5 /* TithycalculatorTests */,
				0575C8CB2DDBE2FF00C18DC5 /* TithycalculatorUITests */,
				0575C8AF2DDBE2FD00C18DC5 /* Products */,
			);
			sourceTree = "<group>";
		};
		0575C8AF2DDBE2FD00C18DC5 /* Products */ = {
			isa = PBXGroup;
			children = (
				0575C8AE2DDBE2FD00C18DC5 /* Tithycalculator.app */,
				0575C8BE2DDBE2FF00C18DC5 /* TithycalculatorTests.xctest */,
				0575C8C82DDBE2FF00C18DC5 /* TithycalculatorUITests.xctest */,
			);
			name = Products;
			sourceTree = "<group>";
		};
/* End PBXGroup section */

/* Begin PBXNativeTarget section */
		0575C8AD2DDBE2FD00C18DC5 /* Tithycalculator */ = {
			isa = PBXNativeTarget;
			buildConfigurationList = 0575C8D22DDBE30000C18DC5 /* Build configuration list for PBXNativeTarget "Tithycalculator" */;
			buildPhases = (
				0575C8AA2DDBE2FD00C18DC5 /* Sources */,
				0575C8AB2DDBE2FD00C18DC5 /* Frameworks */,
				0575C8AC2DDBE2FD00C18DC5 /* Resources */,
			);
			buildRules = (
			);
			dependencies = (
			);
			fileSystemSynchronizedGroups = (
				0575C8B02DDBE2FD00C18DC5 /* Tithycalculator */,
			);
			name = Tithycalculator;
			packageProductDependencies = (
			);
			productName = Tithycalculator;
			productReference = 0575C8AE2DDBE2FD00C18DC5 /* Tithycalculator.app */;
			productType = "com.apple.product-type.application";
		};
		0575C8BD2DDBE2FF00C18DC5 /* TithycalculatorTests */ = {
			isa = PBXNativeTarget;
			buildConfigurationList = 0575C8D52DDBE30000C18DC5 /* Build configuration list for PBXNativeTarget "TithycalculatorTests" */;
			buildPhases = (
				0575C8BA2DDBE2FF00C18DC5 /* Sources */,
				0575C8BB2DDBE2FF00C18DC5 /* Frameworks */,
				0575C8BC2DDBE2FF00C18DC5 /* Resources */,
			);
			buildRules = (
			);
			dependencies = (
				0575C8C02DDBE2FF00C18DC5 /* PBXTargetDependency */,
			);
			fileSystemSynchronizedGroups = (
				0575C8C12DDBE2FF00C18DC5 /* TithycalculatorTests */,
			);
			name = TithycalculatorTests;
			packageProductDependencies = (
			);
			productName = TithycalculatorTests;
			productReference = 0575C8BE2DDBE2FF00C18DC5 /* TithycalculatorTests.xctest */;
			productType = "com.apple.product-type.bundle.unit-test";
		};
		0575C8C72DDBE2FF00C18DC5 /* TithycalculatorUITests */ = {
			isa = PBXNativeTarget;
			buildConfigurationList = 0575C8D82DDBE30000C18DC5 /* Build configuration list for PBXNativeTarget "TithycalculatorUITests" */;
			buildPhases = (
				0575C8C42DDBE2FF00C18DC5 /* Sources */,
				0575C8C52DDBE2FF00C18DC5 /* Frameworks */,
				0575C8C62DDBE2FF00C18DC5 /* Resources */,
			);
			buildRules = (
			);
			dependencies = (
				0575C8CA2DDBE2FF00C18DC5 /* PBXTargetDependency */,
			);
			fileSystemSynchronizedGroups = (
				0575C8CB2DDBE2FF00C18DC5 /* TithycalculatorUITests */,
			);
			name = TithycalculatorUITests;
			packageProductDependencies = (
			);
			productName = TithycalculatorUITests;
			productReference = 0575C8C82DDBE2FF00C18DC5 /* TithycalculatorUITests.xctest */;
			productType = "com.apple.product-type.bundle.ui-testing";
		};
/* End PBXNativeTarget section */

/* Begin PBXProject section */
		0575C8A62DDBE2FD00C18DC5 /* Project object */ = {
			isa = PBXProject;
			attributes = {
				BuildIndependentTargetsInParallel = 1;
				LastSwiftUpdateCheck = 1620;
				LastUpgradeCheck = 1620;
				TargetAttributes = {
					0575C8AD2DDBE2FD00C18DC5 = {
						CreatedOnToolsVersion = 16.2;
					};
					0575C8BD2DDBE2FF00C18DC5 = {
						CreatedOnToolsVersion = 16.2;
						TestTargetID = 0575C8AD2DDBE2FD00C18DC5;
					};
					0575C8C72DDBE2FF00C18DC5 = {
						CreatedOnToolsVersion = 16.2;
						TestTargetID = 0575C8AD2DDBE2FD00C18DC5;
					};
				};
			};
			buildConfigurationList = 0575C8A92DDBE2FD00C18DC5 /* Build configuration list for PBXProject "Tithycalculator" */;
			developmentRegion = en;
			hasScannedForEncodings = 0;
			knownRegions = (
				en,
				Base,
			);
			mainGroup = 0575C8A52DDBE2FD00C18DC5;
			minimizedProjectReferenceProxies = 1;
			preferredProjectObjectVersion = 77;
			productRefGroup = 0575C8AF2DDBE2FD00C18DC5 /* Products */;
			projectDirPath = "";
			projectRoot = "";
			targets = (
				0575C8AD2DDBE2FD00C18DC5 /* Tithycalculator */,
				0575C8BD2DDBE2FF00C18DC5 /* TithycalculatorTests */,
				0575C8C72DDBE2FF00C18DC5 /* TithycalculatorUITests */,
			);
		};
/* End PBXProject section */

/* Begin PBXResourcesBuildPhase section */
		0575C8AC2DDBE2FD00C18DC5 /* Resources */ = {
			isa = PBXResourcesBuildPhase;
			buildActionMask = 2147483647;
			files = (
			);
			runOnlyForDeploymentPostprocessing = 0;
		};
		0575C8BC2DDBE2FF00C18DC5 /* Resources */ = {
			isa = PBXResourcesBuildPhase;
			buildActionMask = 2147483647;
			files = (
			);
			runOnlyForDeploymentPostprocessing = 0;
		};
		0575C8C62DDBE2FF00C18DC5 /* Resources */ = {
			isa = PBXResourcesBuildPhase;
			buildActionMask = 2147483647;
			files = (
			);
			runOnlyForDeploymentPostprocessing = 0;
		};
/* End PBXResourcesBuildPhase section */

/* Begin PBXSourcesBuildPhase section */
		0575C8AA2DDBE2FD00C18DC5 /* Sources */ = {
			isa = PBXSourcesBuildPhase;
			buildActionMask = 2147483647;
			files = (
			);
			runOnlyForDeploymentPostprocessing = 0;
		};
		0575C8BA2DDBE2FF00C18DC5 /* Sources */ = {
			isa = PBXSourcesBuildPhase;
			buildActionMask = 2147483647;
			files = (
			);
			runOnlyForDeploymentPostprocessing = 0;
		};
		0575C8C42DDBE2FF00C18DC5 /* Sources */ = {
			isa = PBXSourcesBuildPhase;
			buildActionMask = 2147483647;
			files = (
			);
			runOnlyForDeploymentPostprocessing = 0;
		};
/* End PBXSourcesBuildPhase section */

/* Begin PBXTargetDependency section */
		0575C8C02DDBE2FF00C18DC5 /* PBXTargetDependency */ = {
			isa = PBXTargetDependency;
			target = 0575C8AD2DDBE2FD00C18DC5 /* Tithycalculator */;
			targetProxy = 0575C8BF2DDBE2FF00C18DC5 /* PBXContainerItemProxy */;
		};
		0575C8CA2DDBE2FF00C18DC5 /* PBXTargetDependency */ = {
			isa = PBXTargetDependency;
			target = 0575C8AD2DDBE2FD00C18DC5 /* Tithycalculator */;
			targetProxy = 0575C8C92DDBE2FF00C18DC5 /* PBXContainerItemProxy */;
		};
/* End PBXTargetDependency section */

/* Begin XCBuildConfiguration section */
		0575C8D02DDBE30000C18DC5 /* Debug */ = {
			isa = XCBuildConfiguration;
			buildSettings = {
				ALWAYS_SEARCH_USER_PATHS = NO;
				ASSETCATALOG_COMPILER_GENERATE_SWIFT_ASSET_SYMBOL_EXTENSIONS = YES;
				CLANG_ANALYZER_NONNULL = YES;
				CLANG_ANALYZER_NUMBER_OBJECT_CONVERSION = YES_AGGRESSIVE;
				CLANG_CXX_LANGUAGE_STANDARD = "gnu++20";
				CLANG_ENABLE_MODULES = YES;
				CLANG_ENABLE_OBJC_ARC = YES;
				CLANG_ENABLE_OBJC_WEAK = YES;
				CLANG_WARN_BLOCK_CAPTURE_AUTORELEASING = YES;
				CLANG_WARN_BOOL_CONVERSION = YES;
				CLANG_WARN_COMMA = YES;
				CLANG_WARN_CONSTANT_CONVERSION = YES;
				CLANG_WARN_DEPRECATED_OBJC_IMPLEMENTATIONS = YES;
				CLANG_WARN_DIRECT_OBJC_ISA_USAGE = YES_ERROR;
				CLANG_WARN_DOCUMENTATION_COMMENTS = YES;
				CLANG_WARN_EMPTY_BODY = YES;
				CLANG_WARN_ENUM_CONVERSION = YES;
				CLANG_WARN_INFINITE_RECURSION = YES;
				CLANG_WARN_INT_CONVERSION = YES;
				CLANG_WARN_NON_LITERAL_NULL_CONVERSION = YES;
				CLANG_WARN_OBJC_IMPLICIT_RETAIN_SELF = YES;
				CLANG_WARN_OBJC_LITERAL_CONVERSION = YES;
				CLANG_WARN_OBJC_ROOT_CLASS = YES_ERROR;
				CLANG_WARN_QUOTED_INCLUDE_IN_FRAMEWORK_HEADER = YES;
				CLANG_WARN_RANGE_LOOP_ANALYSIS = YES;
				CLANG_WARN_STRICT_PROTOTYPES = YES;
				CLANG_WARN_SUSPICIOUS_MOVE = YES;
				CLANG_WARN_UNGUARDED_AVAILABILITY = YES_AGGRESSIVE;
				CLANG_WARN_UNREACHABLE_CODE = YES;
				CLANG_WARN__DUPLICATE_METHOD_MATCH = YES;
				COPY_PHASE_STRIP = NO;
				DEBUG_INFORMATION_FORMAT = dwarf;
				ENABLE_STRICT_OBJC_MSGSEND = YES;
				ENABLE_TESTABILITY = YES;
				ENABLE_USER_SCRIPT_SANDBOXING = YES;
				GCC_C_LANGUAGE_STANDARD = gnu17;
				GCC_DYNAMIC_NO_PIC = NO;
				GCC_NO_COMMON_BLOCKS = YES;
				GCC_OPTIMIZATION_LEVEL = 0;
				GCC_PREPROCESSOR_DEFINITIONS = (
					"DEBUG=1",
					"$(inherited)",
				);
				GCC_WARN_64_TO_32_BIT_CONVERSION = YES;
				GCC_WARN_ABOUT_RETURN_TYPE = YES_ERROR;
				GCC_WARN_UNDECLARED_SELECTOR = YES;
				GCC_WARN_UNINITIALIZED_AUTOS = YES_AGGRESSIVE;
				GCC_WARN_UNUSED_FUNCTION = YES;
				GCC_WARN_UNUSED_VARIABLE = YES;
				IPHONEOS_DEPLOYMENT_TARGET = 18.2;
				LOCALIZATION_PREFERS_STRING_CATALOGS = YES;
				MTL_ENABLE_DEBUG_INFO = INCLUDE_SOURCE;
				MTL_FAST_MATH = YES;
				ONLY_ACTIVE_ARCH = YES;
				SDKROOT = iphoneos;
				SWIFT_ACTIVE_COMPILATION_CONDITIONS = "DEBUG $(inherited)";
				SWIFT_OPTIMIZATION_LEVEL = "-Onone";
			};
			name = Debug;
		};
		0575C8D12DDBE30000C18DC5 /* Release */ = {
			isa = XCBuildConfiguration;
			buildSettings = {
				ALWAYS_SEARCH_USER_PATHS = NO;
				ASSETCATALOG_COMPILER_GENERATE_SWIFT_ASSET_SYMBOL_EXTENSIONS = YES;
				CLANG_ANALYZER_NONNULL = YES;
				CLANG_ANALYZER_NUMBER_OBJECT_CONVERSION = YES_AGGRESSIVE;
				CLANG_CXX_LANGUAGE_STANDARD = "gnu++20";
				CLANG_ENABLE_MODULES = YES;
				CLANG_ENABLE_OBJC_ARC = YES;
				CLANG_ENABLE_OBJC_WEAK = YES;
				CLANG_WARN_BLOCK_CAPTURE_AUTORELEASING = YES;
				CLANG_WARN_BOOL_CONVERSION = YES;
				CLANG_WARN_COMMA = YES;
				CLANG_WARN_CONSTANT_CONVERSION = YES;
				CLANG_WARN_DEPRECATED_OBJC_IMPLEMENTATIONS = YES;
				CLANG_WARN_DIRECT_OBJC_ISA_USAGE = YES_ERROR;
				CLANG_WARN_DOCUMENTATION_COMMENTS = YES;
				CLANG_WARN_EMPTY_BODY = YES;
				CLANG_WARN_ENUM_CONVERSION = YES;
				CLANG_WARN_INFINITE_RECURSION = YES;
				CLANG_WARN_INT_CONVERSION = YES;
				CLANG_WARN_NON_LITERAL_NULL_CONVERSION = YES;
				CLANG_WARN_OBJC_IMPLICIT_RETAIN_SELF = YES;
				CLANG_WARN_OBJC_LITERAL_CONVERSION = YES;
				CLANG_WARN_OBJC_ROOT_CLASS = YES_ERROR;
				CLANG_WARN_QUOTED_INCLUDE_IN_FRAMEWORK_HEADER = YES;
				CLANG_WARN_RANGE_LOOP_ANALYSIS = YES;
				CLANG_WARN_STRICT_PROTOTYPES = YES;
				CLANG_WARN_SUSPICIOUS_MOVE = YES;
				CLANG_WARN_UNGUARDED_AVAILABILITY = YES_AGGRESSIVE;
				CLANG_WARN_UNREACHABLE_CODE = YES;
				CLANG_WARN__DUPLICATE_METHOD_MATCH = YES;
				COPY_PHASE_STRIP = NO;
				DEBUG_INFORMATION_FORMAT = "dwarf-with-dsym";
				ENABLE_NS_ASSERTIONS = NO;
				ENABLE_STRICT_OBJC_MSGSEND = YES;
				ENABLE_USER_SCRIPT_SANDBOXING = YES;
				GCC_C_LANGUAGE_STANDARD = gnu17;
				GCC_NO_COMMON_BLOCKS = YES;
				GCC_WARN_64_TO_32_BIT_CONVERSION = YES;
				GCC_WARN_ABOUT_RETURN_TYPE = YES_ERROR;
				GCC_WARN_UNDECLARED_SELECTOR = YES;
				GCC_WARN_UNINITIALIZED_AUTOS = YES_AGGRESSIVE;
				GCC_WARN_UNUSED_FUNCTION = YES;
				GCC_WARN_UNUSED_VARIABLE = YES;
				IPHONEOS_DEPLOYMENT_TARGET = 18.2;
				LOCALIZATION_PREFERS_STRING_CATALOGS = YES;
				MTL_ENABLE_DEBUG_INFO = NO;
				MTL_FAST_MATH = YES;
				SDKROOT = iphoneos;
				SWIFT_COMPILATION_MODE = wholemodule;
				VALIDATE_PRODUCT = YES;
			};
			name = Release;
		};
		0575C8D32DDBE30000C18DC5 /* Debug */ = {
			isa = XCBuildConfiguration;
			buildSettings = {
				ASSETCATALOG_COMPILER_APPICON_NAME = AppIcon;
				ASSETCATALOG_COMPILER_GLOBAL_ACCENT_COLOR_NAME = AccentColor;
				CODE_SIGN_STYLE = Automatic;
				CURRENT_PROJECT_VERSION = 1;
				DEVELOPMENT_ASSET_PATHS = "\"Tithycalculator/Preview Content\"";
				ENABLE_PREVIEWS = YES;
				GENERATE_INFOPLIST_FILE = YES;
				INFOPLIST_KEY_UIApplicationSceneManifest_Generation = YES;
				INFOPLIST_KEY_UIApplicationSupportsIndirectInputEvents = YES;
				INFOPLIST_KEY_UILaunchScreen_Generation = YES;
				INFOPLIST_KEY_UISupportedInterfaceOrientations_iPad = "UIInterfaceOrientationPortrait UIInterfaceOrientationPortraitUpsideDown UIInterfaceOrientationLandscapeLeft UIInterfaceOrientationLandscapeRight";
				INFOPLIST_KEY_UISupportedInterfaceOrientations_iPhone = "UIInterfaceOrientationPortrait UIInterfaceOrientationLandscapeLeft UIInterfaceOrientationLandscapeRight";
				LD_RUNPATH_SEARCH_PATHS = (
					"$(inherited)",
					"@executable_path/Frameworks",
				);
				MARKETING_VERSION = 1.0;
				PRODUCT_BUNDLE_IDENTIFIER = TitheCalculator.Tithycalculator;
				PRODUCT_NAME = "$(TARGET_NAME)";
				SWIFT_EMIT_LOC_STRINGS = YES;
				SWIFT_VERSION = 5.0;
				TARGETED_DEVICE_FAMILY = "1,2";
			};
			name = Debug;
		};
		0575C8D42DDBE30000C18DC5 /* Release */ = {
			isa = XCBuildConfiguration;
			buildSettings = {
				ASSETCATALOG_COMPILER_APPICON_NAME = AppIcon;
				ASSETCATALOG_COMPILER_GLOBAL_ACCENT_COLOR_NAME = AccentColor;
				CODE_SIGN_STYLE = Automatic;
				CURRENT_PROJECT_VERSION = 1;
				DEVELOPMENT_ASSET_PATHS = "\"Tithycalculator/Preview Content\"";
				ENABLE_PREVIEWS = YES;
				GENERATE_INFOPLIST_FILE = YES;
				INFOPLIST_KEY_UIApplicationSceneManifest_Generation = YES;
				INFOPLIST_KEY_UIApplicationSupportsIndirectInputEvents = YES;
				INFOPLIST_KEY_UILaunchScreen_Generation = YES;
				INFOPLIST_KEY_UISupportedInterfaceOrientations_iPad = "UIInterfaceOrientationPortrait UIInterfaceOrientationPortraitUpsideDown UIInterfaceOrientationLandscapeLeft UIInterfaceOrientationLandscapeRight";
				INFOPLIST_KEY_UISupportedInterfaceOrientations_iPhone = "UIInterfaceOrientationPortrait UIInterfaceOrientationLandscapeLeft UIInterfaceOrientationLandscapeRight";
				LD_RUNPATH_SEARCH_PATHS = (
					"$(inherited)",
					"@executable_path/Frameworks",
				);
				MARKETING_VERSION = 1.0;
				PRODUCT_BUNDLE_IDENTIFIER = TitheCalculator.Tithycalculator;
				PRODUCT_NAME = "$(TARGET_NAME)";
				SWIFT_EMIT_LOC_STRINGS = YES;
				SWIFT_VERSION = 5.0;
				TARGETED_DEVICE_FAMILY = "1,2";
			};
			name = Release;
		};
		0575C8D62DDBE30000C18DC5 /* Debug */ = {
			isa = XCBuildConfiguration;
			buildSettings = {
				BUNDLE_LOADER = "$(TEST_HOST)";
				CODE_SIGN_STYLE = Automatic;
				CURRENT_PROJECT_VERSION = 1;
				GENERATE_INFOPLIST_FILE = YES;
				IPHONEOS_DEPLOYMENT_TARGET = 18.2;
				MARKETING_VERSION = 1.0;
				PRODUCT_BUNDLE_IDENTIFIER = TitheCalculator.TithycalculatorTests;
				PRODUCT_NAME = "$(TARGET_NAME)";
				SWIFT_EMIT_LOC_STRINGS = NO;
				SWIFT_VERSION = 5.0;
				TARGETED_DEVICE_FAMILY = "1,2";
				TEST_HOST = "$(BUILT_PRODUCTS_DIR)/Tithycalculator.app/$(BUNDLE_EXECUTABLE_FOLDER_PATH)/Tithycalculator";
			};
			name = Debug;
		};
		0575C8D72DDBE30000C18DC5 /* Release */ = {
			isa = XCBuildConfiguration;
			buildSettings = {
				BUNDLE_LOADER = "$(TEST_HOST)";
				CODE_SIGN_STYLE = Automatic;
				CURRENT_PROJECT_VERSION = 1;
				GENERATE_INFOPLIST_FILE = YES;
				IPHONEOS_DEPLOYMENT_TARGET = 18.2;
				MARKETING_VERSION = 1.0;
				PRODUCT_BUNDLE_IDENTIFIER = TitheCalculator.TithycalculatorTests;
				PRODUCT_NAME = "$(TARGET_NAME)";
				SWIFT_EMIT_LOC_STRINGS = NO;
				SWIFT_VERSION = 5.0;
				TARGETED_DEVICE_FAMILY = "1,2";
				TEST_HOST = "$(BUILT_PRODUCTS_DIR)/Tithycalculator.app/$(BUNDLE_EXECUTABLE_FOLDER_PATH)/Tithycalculator";
			};
			name = Release;
		};
		0575C8D92DDBE30000C18DC5 /* Debug */ = {
			isa = XCBuildConfiguration;
			buildSettings = {
				CODE_SIGN_STYLE = Automatic;
				CURRENT_PROJECT_VERSION = 1;
				GENERATE_INFOPLIST_FILE = YES;
				MARKETING_VERSION = 1.0;
				PRODUCT_BUNDLE_IDENTIFIER = TitheCalculator.TithycalculatorUITests;
				PRODUCT_NAME = "$(TARGET_NAME)";
				SWIFT_EMIT_LOC_STRINGS = NO;
				SWIFT_VERSION = 5.0;
				TARGETED_DEVICE_FAMILY = "1,2";
				TEST_TARGET_NAME = Tithycalculator;
			};
			name = Debug;
		};
		0575C8DA2DDBE30000C18DC5 /* Release */ = {
			isa = XCBuildConfiguration;
			buildSettings = {
				CODE_SIGN_STYLE = Automatic;
				CURRENT_PROJECT_VERSION = 1;
				GENERATE_INFOPLIST_FILE = YES;
				MARKETING_VERSION = 1.0;
				PRODUCT_BUNDLE_IDENTIFIER = TitheCalculator.TithycalculatorUITests;
				PRODUCT_NAME = "$(TARGET_NAME)";
				SWIFT_EMIT_LOC_STRINGS = NO;
				SWIFT_VERSION = 5.0;
				TARGETED_DEVICE_FAMILY = "1,2";
				TEST_TARGET_NAME = Tithycalculator;
			};
			name = Release;
		};
/* End XCBuildConfiguration section */

/* Begin XCConfigurationList section */
		0575C8A92DDBE2FD00C18DC5 /* Build configuration list for PBXProject "Tithycalculator" */ = {
			isa = XCConfigurationList;
			buildConfigurations = (
				0575C8D02DDBE30000C18DC5 /* Debug */,
				0575C8D12DDBE30000C18DC5 /* Release */,
			);
			defaultConfigurationIsVisible = 0;
			defaultConfigurationName = Release;
		};
		0575C8D22DDBE30000C18DC5 /* Build configuration list for PBXNativeTarget "Tithycalculator" */ = {
			isa = XCConfigurationList;
			buildConfigurations = (
				0575C8D32DDBE30000C18DC5 /* Debug */,
				0575C8D42DDBE30000C18DC5 /* Release */,
			);
			defaultConfigurationIsVisible = 0;
			defaultConfigurationName = Release;
		};
		0575C8D52DDBE30000C18DC5 /* Build configuration list for PBXNativeTarget "TithycalculatorTests" */ = {
			isa = XCConfigurationList;
			buildConfigurations = (
				0575C8D62DDBE30000C18DC5 /* Debug */,
				0575C8D72DDBE30000C18DC5 /* Release */,
			);
			defaultConfigurationIsVisible = 0;
			defaultConfigurationName = Release;
		};
		0575C8D82DDBE30000C18DC5 /* Build configuration list for PBXNativeTarget "TithycalculatorUITests" */ = {
			isa = XCConfigurationList;
			buildConfigurations = (
				0575C8D92DDBE30000C18DC5 /* Debug */,
				0575C8DA2DDBE30000C18DC5 /* Release */,
			);
			defaultConfigurationIsVisible = 0;
			defaultConfigurationName = Release;
		};
/* End XCConfigurationList section */
	};
	rootObject = 0575C8A62DDBE2FD00C18DC5 /* Project object */;
}
